
Microsoft Visual Studio Solution File, Format Version 12.00
# Visual Studio Version 17
VisualStudioVersion = 17.9.34622.214
MinimumVisualStudioVersion = 10.0.40219.1
Project("{FAE04EC0-301F-11D3-BF4B-00C04F79EFBC}") = "DeveloperDays.Berlin", "DeveloperDays.Berlin\DeveloperDays.Berlin.csproj", "{9A95E5D5-2135-42E3-A970-F9E1E794A100}"
EndProject
Project("{FAE04EC0-301F-11D3-BF4B-00C04F79EFBC}") = "DeveloperDays.Berlin.Tests.Unit", "DeveloperDays.Berlin.Tests.Unit\DeveloperDays.Berlin.Tests.Unit.csproj", "{FEB8ED04-A7A9-4E73-8BA3-183DFEF42403}"
EndProject
Global
	GlobalSection(SolutionConfigurationPlatforms) = preSolution
		Debug|Any CPU = Debug|Any CPU
		Release|Any CPU = Release|Any CPU
	EndGlobalSection
	GlobalSection(ProjectConfigurationPlatforms) = postSolution
		{9A95E5D5-2135-42E3-A970-F9E1E794A100}.Debug|Any CPU.ActiveCfg = Debug|Any CPU
		{9A95E5D5-2135-42E3-A970-F9E1E794A100}.Debug|Any CPU.Build.0 = Debug|Any CPU
		{9A95E5D5-2135-42E3-A970-F9E1E794A100}.Release|Any CPU.ActiveCfg = Release|Any CPU
		{9A95E5D5-2135-42E3-A970-F9E1E794A100}.Release|Any CPU.Build.0 = Release|Any CPU
		{FEB8ED04-A7A9-4E73-8BA3-183DFEF42403}.Debug|Any CPU.ActiveCfg = Debug|Any CPU
		{FEB8ED04-A7A9-4E73-8BA3-183DFEF42403}.Debug|Any CPU.Build.0 = Debug|Any CPU
		{FEB8ED04-A7A9-4E73-8BA3-183DFEF42403}.Release|Any CPU.ActiveCfg = Release|Any CPU
		{FEB8ED04-A7A9-4E73-8BA3-183DFEF42403}.Release|Any CPU.Build.0 = Release|Any CPU
	EndGlobalSection
	GlobalSection(SolutionProperties) = preSolution
		HideSolutionNode = FALSE
	EndGlobalSection
	GlobalSection(ExtensibilityGlobals) = postSolution
		SolutionGuid = {B9AE275A-4AAC-4829-A2BB-2A43A74EF6B0}
	EndGlobalSection
EndGlobal
